
Microsoft Visual Studio Solution File, Format Version 12.00
# Visual Studio Version 17
VisualStudioVersion = 17.7.34221.43
MinimumVisualStudioVersion = 10.0.40219.1
Project("{9A19103F-16F7-4668-BE54-9A1E7A4F7556}") = "BookwormsOnline", "BookwormsOnline\BookwormsOnline.csproj", "{C907CECA-8FE8-4A0B-AC2D-AFD37A540B47}"
EndProject
Global
	GlobalSection(SolutionConfigurationPlatforms) = preSolution
		Debug|Any CPU = Debug|Any CPU
		Release|Any CPU = Release|Any CPU
	EndGlobalSection
	GlobalSection(ProjectConfigurationPlatforms) = postSolution
		{C907CECA-8FE8-4A0B-AC2D-AFD37A540B47}.Debug|Any CPU.ActiveCfg = Debug|Any CPU
		{C907CECA-8FE8-4A0B-AC2D-AFD37A540B47}.Debug|Any CPU.Build.0 = Debug|Any CPU
		{C907CECA-8FE8-4A0B-AC2D-AFD37A540B47}.Release|Any CPU.ActiveCfg = Release|Any CPU
		{C907CECA-8FE8-4A0B-AC2D-AFD37A540B47}.Release|Any CPU.Build.0 = Release|Any CPU
	EndGlobalSection
	GlobalSection(SolutionProperties) = preSolution
		HideSolutionNode = FALSE
	EndGlobalSection
	GlobalSection(ExtensibilityGlobals) = postSolution
		SolutionGuid = {6C1EE273-173C-4E99-A130-97B5886CCA0E}
	EndGlobalSection
EndGlobal
